
Microsoft Visual Studio Solution File, Format Version 12.00
Project("{FAE04EC0-301F-11D3-BF4B-00C04F79EFBC}") = "Macado_bot", "Macado_bot.csproj", "{D379A15D-ABB0-4AEC-9711-F87233F860E6}"
EndProject
Global
	GlobalSection(SolutionConfigurationPlatforms) = preSolution
		Debug|Any CPU = Debug|Any CPU
		Release|Any CPU = Release|Any CPU
	EndGlobalSection
	GlobalSection(ProjectConfigurationPlatforms) = postSolution
		{D379A15D-ABB0-4AEC-9711-F87233F860E6}.Debug|Any CPU.ActiveCfg = Debug|Any CPU
		{D379A15D-ABB0-4AEC-9711-F87233F860E6}.Debug|Any CPU.Build.0 = Debug|Any CPU
		{D379A15D-ABB0-4AEC-9711-F87233F860E6}.Release|Any CPU.ActiveCfg = Release|Any CPU
		{D379A15D-ABB0-4AEC-9711-F87233F860E6}.Release|Any CPU.Build.0 = Release|Any CPU
	EndGlobalSection
EndGlobal
